
Microsoft Visual Studio Solution File, Format Version 12.00
# Visual Studio Version 17
VisualStudioVersion = 17.2.32505.173
MinimumVisualStudioVersion = 10.0.40219.1
Project("{2150E333-8FDC-42A3-9474-1A3956D46DE8}") = "src", "src", "{B0EBC86E-1D51-4012-AA43-E87EB43CE79A}"
EndProject
Project("{9A19103F-16F7-4668-BE54-9A1E7A4F7556}") = "Web.Producer.API", "src\Web.Producer.API\Web.Producer.API.csproj", "{ABD47CE9-7ACB-4864-B210-F3DBD3802191}"
EndProject
Project("{9A19103F-16F7-4668-BE54-9A1E7A4F7556}") = "Web.Consumer.API", "src\Web.Consumer.API\Web.Consumer.API.csproj", "{690D2A3F-167A-4F93-8FAD-581A2E572B5D}"
EndProject
Project("{9A19103F-16F7-4668-BE54-9A1E7A4F7556}") = "Infrastructure", "src\Infrastructure\Infrastructure.csproj", "{89889BAA-75D7-4426-9640-03975E20F652}"
EndProject
Project("{9A19103F-16F7-4668-BE54-9A1E7A4F7556}") = "Application", "src\Application\Application.csproj", "{99E81CCE-85CF-4431-93DB-C0A624E008B1}"
EndProject
Project("{FAE04EC0-301F-11D3-BF4B-00C04F79EFBC}") = "Domain", "src\Domain\Domain.csproj", "{ECE98795-4761-48D2-906E-74D5B4B4FCCD}"
EndProject
Global
	GlobalSection(SolutionConfigurationPlatforms) = preSolution
		Debug|Any CPU = Debug|Any CPU
		Release|Any CPU = Release|Any CPU
	EndGlobalSection
	GlobalSection(ProjectConfigurationPlatforms) = postSolution
		{ABD47CE9-7ACB-4864-B210-F3DBD3802191}.Debug|Any CPU.ActiveCfg = Debug|Any CPU
		{ABD47CE9-7ACB-4864-B210-F3DBD3802191}.Debug|Any CPU.Build.0 = Debug|Any CPU
		{ABD47CE9-7ACB-4864-B210-F3DBD3802191}.Release|Any CPU.ActiveCfg = Release|Any CPU
		{ABD47CE9-7ACB-4864-B210-F3DBD3802191}.Release|Any CPU.Build.0 = Release|Any CPU
		{690D2A3F-167A-4F93-8FAD-581A2E572B5D}.Debug|Any CPU.ActiveCfg = Debug|Any CPU
		{690D2A3F-167A-4F93-8FAD-581A2E572B5D}.Debug|Any CPU.Build.0 = Debug|Any CPU
		{690D2A3F-167A-4F93-8FAD-581A2E572B5D}.Release|Any CPU.ActiveCfg = Release|Any CPU
		{690D2A3F-167A-4F93-8FAD-581A2E572B5D}.Release|Any CPU.Build.0 = Release|Any CPU
		{89889BAA-75D7-4426-9640-03975E20F652}.Debug|Any CPU.ActiveCfg = Debug|Any CPU
		{89889BAA-75D7-4426-9640-03975E20F652}.Debug|Any CPU.Build.0 = Debug|Any CPU
		{89889BAA-75D7-4426-9640-03975E20F652}.Release|Any CPU.ActiveCfg = Release|Any CPU
		{89889BAA-75D7-4426-9640-03975E20F652}.Release|Any CPU.Build.0 = Release|Any CPU
		{99E81CCE-85CF-4431-93DB-C0A624E008B1}.Debug|Any CPU.ActiveCfg = Debug|Any CPU
		{99E81CCE-85CF-4431-93DB-C0A624E008B1}.Debug|Any CPU.Build.0 = Debug|Any CPU
		{99E81CCE-85CF-4431-93DB-C0A624E008B1}.Release|Any CPU.ActiveCfg = Release|Any CPU
		{99E81CCE-85CF-4431-93DB-C0A624E008B1}.Release|Any CPU.Build.0 = Release|Any CPU
		{ECE98795-4761-48D2-906E-74D5B4B4FCCD}.Debug|Any CPU.ActiveCfg = Debug|Any CPU
		{ECE98795-4761-48D2-906E-74D5B4B4FCCD}.Debug|Any CPU.Build.0 = Debug|Any CPU
		{ECE98795-4761-48D2-906E-74D5B4B4FCCD}.Release|Any CPU.ActiveCfg = Release|Any CPU
		{ECE98795-4761-48D2-906E-74D5B4B4FCCD}.Release|Any CPU.Build.0 = Release|Any CPU
	EndGlobalSection
	GlobalSection(SolutionProperties) = preSolution
		HideSolutionNode = FALSE
	EndGlobalSection
	GlobalSection(NestedProjects) = preSolution
		{ABD47CE9-7ACB-4864-B210-F3DBD3802191} = {B0EBC86E-1D51-4012-AA43-E87EB43CE79A}
		{690D2A3F-167A-4F93-8FAD-581A2E572B5D} = {B0EBC86E-1D51-4012-AA43-E87EB43CE79A}
		{89889BAA-75D7-4426-9640-03975E20F652} = {B0EBC86E-1D51-4012-AA43-E87EB43CE79A}
		{99E81CCE-85CF-4431-93DB-C0A624E008B1} = {B0EBC86E-1D51-4012-AA43-E87EB43CE79A}
		{ECE98795-4761-48D2-906E-74D5B4B4FCCD} = {B0EBC86E-1D51-4012-AA43-E87EB43CE79A}
	EndGlobalSection
	GlobalSection(ExtensibilityGlobals) = postSolution
		SolutionGuid = {8EA9955B-5B48-48FA-B0A1-74295D089D91}
	EndGlobalSection
EndGlobal
